
Microsoft Visual Studio Solution File, Format Version 12.00
# Visual Studio Version 17
VisualStudioVersion = 17.8.34309.116
MinimumVisualStudioVersion = 10.0.40219.1
Project("{FAE04EC0-301F-11D3-BF4B-00C04F79EFBC}") = "examen", "examen\examen.csproj", "{74B97EEB-05F2-42B7-A139-78AEC2DEA452}"
EndProject
Global
	GlobalSection(SolutionConfigurationPlatforms) = preSolution
		Debug|Any CPU = Debug|Any CPU
		Release|Any CPU = Release|Any CPU
	EndGlobalSection
	GlobalSection(ProjectConfigurationPlatforms) = postSolution
		{74B97EEB-05F2-42B7-A139-78AEC2DEA452}.Debug|Any CPU.ActiveCfg = Debug|Any CPU
		{74B97EEB-05F2-42B7-A139-78AEC2DEA452}.Debug|Any CPU.Build.0 = Debug|Any CPU
		{74B97EEB-05F2-42B7-A139-78AEC2DEA452}.Release|Any CPU.ActiveCfg = Release|Any CPU
		{74B97EEB-05F2-42B7-A139-78AEC2DEA452}.Release|Any CPU.Build.0 = Release|Any CPU
	EndGlobalSection
	GlobalSection(SolutionProperties) = preSolution
		HideSolutionNode = FALSE
	EndGlobalSection
	GlobalSection(ExtensibilityGlobals) = postSolution
		SolutionGuid = {ED3DCCB1-0E8A-4671-B657-3336A107EFC4}
	EndGlobalSection
EndGlobal
